// !$*UTF8*$!
{
	archiveVersion = 1;
	classes = {
	};
	objectVersion = 46;
	objects = {

/* Begin PBXBuildFile section */
		7229B3061A2F4778006126F4 /* 01 Corporate Overview.pdf in Resources */ = {isa = PBXBuildFile; fileRef = 7229B2FB1A2F4778006126F4 /* 01 Corporate Overview.pdf */; };
		7229B3071A2F4778006126F4 /* 02 FXI Overview-TECH.pdf in Resources */ = {isa = PBXBuildFile; fileRef = 7229B2FC1A2F4778006126F4 /* 02 FXI Overview-TECH.pdf */; };
		7229B3081A2F4778006126F4 /* 03 Activus Presentation.pdf in Resources */ = {isa = PBXBuildFile; fileRef = 7229B2FD1A2F4778006126F4 /* 03 Activus Presentation.pdf */; };
		7229B3091A2F4778006126F4 /* 04 Aerus Presentation.pdf in Resources */ = {isa = PBXBuildFile; fileRef = 7229B2FE1A2F4778006126F4 /* 04 Aerus Presentation.pdf */; };
		7229B30A1A2F4778006126F4 /* 05 Altus Presentation.pdf in Resources */ = {isa = PBXBuildFile; fileRef = 7229B2FF1A2F4778006126F4 /* 05 Altus Presentation.pdf */; };
		7229B30D1A2F4778006126F4 /* 08 MAXPERM Presentation.pdf in Resources */ = {isa = PBXBuildFile; fileRef = 7229B3021A2F4778006126F4 /* 08 MAXPERM Presentation.pdf */; };
		7229B30E1A2F4778006126F4 /* 09 MemGel Presentation.pdf in Resources */ = {isa = PBXBuildFile; fileRef = 7229B3031A2F4778006126F4 /* 09 MemGel Presentation.pdf */; };
		7229B30F1A2F4778006126F4 /* 10 TRF System.pdf in Resources */ = {isa = PBXBuildFile; fileRef = 7229B3041A2F4778006126F4 /* 10 TRF System.pdf */; };
		7229B3101A2F4778006126F4 /* 11 TRF System with Foams.pdf in Resources */ = {isa = PBXBuildFile; fileRef = 7229B3051A2F4778006126F4 /* 11 TRF System with Foams.pdf */; };
		72A807A81A2E15430064ABE4 /* main.m in Sources */ = {isa = PBXBuildFile; fileRef = 72A807A71A2E15430064ABE4 /* main.m */; };
		72A807AB1A2E15430064ABE4 /* AppDelegate.m in Sources */ = {isa = PBXBuildFile; fileRef = 72A807AA1A2E15430064ABE4 /* AppDelegate.m */; };
		72A807B11A2E15430064ABE4 /* Main.storyboard in Resources */ = {isa = PBXBuildFile; fileRef = 72A807AF1A2E15430064ABE4 /* Main.storyboard */; };
		72A807B31A2E15430064ABE4 /* Images.xcassets in Resources */ = {isa = PBXBuildFile; fileRef = 72A807B21A2E15430064ABE4 /* Images.xcassets */; };
		72A807B61A2E15430064ABE4 /* LaunchScreen.xib in Resources */ = {isa = PBXBuildFile; fileRef = 72A807B41A2E15430064ABE4 /* LaunchScreen.xib */; };
		72A807C21A2E15430064ABE4 /* PresentationsTests.m in Sources */ = {isa = PBXBuildFile; fileRef = 72A807C11A2E15430064ABE4 /* PresentationsTests.m */; };
		72B18EA81A850AF8000B7466 /* SearchResultsTableViewController.m in Sources */ = {isa = PBXBuildFile; fileRef = 72B18EA71A850AF8000B7466 /* SearchResultsTableViewController.m */; };
		72EE55101A2E171B00BDF2F2 /* Main~ipad.storyboard in Resources */ = {isa = PBXBuildFile; fileRef = 72EE550E1A2E171B00BDF2F2 /* Main~ipad.storyboard */; };
		72EE55131A2E180A00BDF2F2 /* PresentationsTableViewController.m in Sources */ = {isa = PBXBuildFile; fileRef = 72EE55121A2E180A00BDF2F2 /* PresentationsTableViewController.m */; };
		72EE55161A2E1A2700BDF2F2 /* FXIPresentation.m in Sources */ = {isa = PBXBuildFile; fileRef = 72EE55151A2E1A2700BDF2F2 /* FXIPresentation.m */; };
		72EE551B1A2E388C00BDF2F2 /* PresentationsCollectionViewController.m in Sources */ = {isa = PBXBuildFile; fileRef = 72EE551A1A2E388C00BDF2F2 /* PresentationsCollectionViewController.m */; };
		72EE551E1A2E38BF00BDF2F2 /* PresentationsCollectionViewCell.m in Sources */ = {isa = PBXBuildFile; fileRef = 72EE551D1A2E38BF00BDF2F2 /* PresentationsCollectionViewCell.m */; };
		72F074C91A7AA641005F7E75 /* activus.png in Resources */ = {isa = PBXBuildFile; fileRef = 72F074C11A7AA641005F7E75 /* activus.png */; };
		72F074CA1A7AA641005F7E75 /* aerus.png in Resources */ = {isa = PBXBuildFile; fileRef = 72F074C21A7AA641005F7E75 /* aerus.png */; };
		72F074CB1A7AA641005F7E75 /* altus.png in Resources */ = {isa = PBXBuildFile; fileRef = 72F074C31A7AA641005F7E75 /* altus.png */; };
		72F074CC1A7AA641005F7E75 /* maxperm.png in Resources */ = {isa = PBXBuildFile; fileRef = 72F074C41A7AA641005F7E75 /* maxperm.png */; };
		72F074CD1A7AA641005F7E75 /* memgel.png in Resources */ = {isa = PBXBuildFile; fileRef = 72F074C51A7AA641005F7E75 /* memgel.png */; };
		72F074CE1A7AA641005F7E75 /* overview.png in Resources */ = {isa = PBXBuildFile; fileRef = 72F074C61A7AA641005F7E75 /* overview.png */; };
		72F074CF1A7AA641005F7E75 /* overviewtech.png in Resources */ = {isa = PBXBuildFile; fileRef = 72F074C71A7AA641005F7E75 /* overviewtech.png */; };
		72F074D01A7AA641005F7E75 /* trf.png in Resources */ = {isa = PBXBuildFile; fileRef = 72F074C81A7AA641005F7E75 /* trf.png */; };
/* End PBXBuildFile section */

/* Begin PBXContainerItemProxy section */
		72A807BC1A2E15430064ABE4 /* PBXContainerItemProxy */ = {
			isa = PBXContainerItemProxy;
			containerPortal = 72A8079A1A2E15430064ABE4 /* Project object */;
			proxyType = 1;
			remoteGlobalIDString = 72A807A11A2E15430064ABE4;
			remoteInfo = Presentations;
		};
/* End PBXContainerItemProxy section */

/* Begin PBXFileReference section */
		7229B2FB1A2F4778006126F4 /* 01 Corporate Overview.pdf */ = {isa = PBXFileReference; lastKnownFileType = image.pdf; name = "01 Corporate Overview.pdf"; path = "Resources/Presentations/01 Corporate Overview.pdf"; sourceTree = "<group>"; };
		7229B2FC1A2F4778006126F4 /* 02 FXI Overview-TECH.pdf */ = {isa = PBXFileReference; lastKnownFileType = image.pdf; name = "02 FXI Overview-TECH.pdf"; path = "Resources/Presentations/02 FXI Overview-TECH.pdf"; sourceTree = "<group>"; };
		7229B2FD1A2F4778006126F4 /* 03 Activus Presentation.pdf */ = {isa = PBXFileReference; lastKnownFileType = image.pdf; name = "03 Activus Presentation.pdf"; path = "Resources/Presentations/03 Activus Presentation.pdf"; sourceTree = "<group>"; };
		7229B2FE1A2F4778006126F4 /* 04 Aerus Presentation.pdf */ = {isa = PBXFileReference; lastKnownFileType = image.pdf; name = "04 Aerus Presentation.pdf"; path = "Resources/Presentations/04 Aerus Presentation.pdf"; sourceTree = "<group>"; };
		7229B2FF1A2F4778006126F4 /* 05 Altus Presentation.pdf */ = {isa = PBXFileReference; lastKnownFileType = image.pdf; name = "05 Altus Presentation.pdf"; path = "Resources/Presentations/05 Altus Presentation.pdf"; sourceTree = "<group>"; };
		7229B3021A2F4778006126F4 /* 08 MAXPERM Presentation.pdf */ = {isa = PBXFileReference; lastKnownFileType = image.pdf; name = "08 MAXPERM Presentation.pdf"; path = "Resources/Presentations/08 MAXPERM Presentation.pdf"; sourceTree = "<group>"; };
		7229B3031A2F4778006126F4 /* 09 MemGel Presentation.pdf */ = {isa = PBXFileReference; lastKnownFileType = image.pdf; name = "09 MemGel Presentation.pdf"; path = "Resources/Presentations/09 MemGel Presentation.pdf"; sourceTree = "<group>"; };
		7229B3041A2F4778006126F4 /* 10 TRF System.pdf */ = {isa = PBXFileReference; lastKnownFileType = image.pdf; name = "10 TRF System.pdf"; path = "Resources/Presentations/10 TRF System.pdf"; sourceTree = "<group>"; };
		7229B3051A2F4778006126F4 /* 11 TRF System with Foams.pdf */ = {isa = PBXFileReference; lastKnownFileType = image.pdf; name = "11 TRF System with Foams.pdf"; path = "Resources/Presentations/11 TRF System with Foams.pdf"; sourceTree = "<group>"; };
		72A807A21A2E15430064ABE4 /* Presentations.app */ = {isa = PBXFileReference; explicitFileType = wrapper.application; includeInIndex = 0; path = Presentations.app; sourceTree = BUILT_PRODUCTS_DIR; };
		72A807A61A2E15430064ABE4 /* Info.plist */ = {isa = PBXFileReference; lastKnownFileType = text.plist.xml; path = Info.plist; sourceTree = "<group>"; };
		72A807A71A2E15430064ABE4 /* main.m */ = {isa = PBXFileReference; lastKnownFileType = sourcecode.c.objc; path = main.m; sourceTree = "<group>"; };
		72A807A91A2E15430064ABE4 /* AppDelegate.h */ = {isa = PBXFileReference; lastKnownFileType = sourcecode.c.h; path = AppDelegate.h; sourceTree = "<group>"; };
		72A807AA1A2E15430064ABE4 /* AppDelegate.m */ = {isa = PBXFileReference; lastKnownFileType = sourcecode.c.objc; path = AppDelegate.m; sourceTree = "<group>"; };
		72A807B01A2E15430064ABE4 /* Base */ = {isa = PBXFileReference; lastKnownFileType = file.storyboard; name = Base; path = Base.lproj/Main.storyboard; sourceTree = "<group>"; };
		72A807B21A2E15430064ABE4 /* Images.xcassets */ = {isa = PBXFileReference; lastKnownFileType = folder.assetcatalog; path = Images.xcassets; sourceTree = "<group>"; };
		72A807B51A2E15430064ABE4 /* Base */ = {isa = PBXFileReference; lastKnownFileType = file.xib; name = Base; path = Base.lproj/LaunchScreen.xib; sourceTree = "<group>"; };
		72A807BB1A2E15430064ABE4 /* PresentationsTests.xctest */ = {isa = PBXFileReference; explicitFileType = wrapper.cfbundle; includeInIndex = 0; path = PresentationsTests.xctest; sourceTree = BUILT_PRODUCTS_DIR; };
		72A807C01A2E15430064ABE4 /* Info.plist */ = {isa = PBXFileReference; lastKnownFileType = text.plist.xml; path = Info.plist; sourceTree = "<group>"; };
		72A807C11A2E15430064ABE4 /* PresentationsTests.m */ = {isa = PBXFileReference; lastKnownFileType = sourcecode.c.objc; path = PresentationsTests.m; sourceTree = "<group>"; };
		72B18EA61A850AF8000B7466 /* SearchResultsTableViewController.h */ = {isa = PBXFileReference; fileEncoding = 4; lastKnownFileType = sourcecode.c.h; path = SearchResultsTableViewController.h; sourceTree = "<group>"; };
		72B18EA71A850AF8000B7466 /* SearchResultsTableViewController.m */ = {isa = PBXFileReference; fileEncoding = 4; lastKnownFileType = sourcecode.c.objc; path = SearchResultsTableViewController.m; sourceTree = "<group>"; };
		72EE550F1A2E171B00BDF2F2 /* Base */ = {isa = PBXFileReference; lastKnownFileType = file.storyboard; name = Base; path = "Base.lproj/Main~ipad.storyboard"; sourceTree = "<group>"; };
		72EE55111A2E180A00BDF2F2 /* PresentationsTableViewController.h */ = {isa = PBXFileReference; fileEncoding = 4; lastKnownFileType = sourcecode.c.h; path = PresentationsTableViewController.h; sourceTree = "<group>"; };
		72EE55121A2E180A00BDF2F2 /* PresentationsTableViewController.m */ = {isa = PBXFileReference; fileEncoding = 4; lastKnownFileType = sourcecode.c.objc; path = PresentationsTableViewController.m; sourceTree = "<group>"; };
		72EE55141A2E1A2700BDF2F2 /* FXIPresentation.h */ = {isa = PBXFileReference; fileEncoding = 4; lastKnownFileType = sourcecode.c.h; path = FXIPresentation.h; sourceTree = "<group>"; };
		72EE55151A2E1A2700BDF2F2 /* FXIPresentation.m */ = {isa = PBXFileReference; fileEncoding = 4; lastKnownFileType = sourcecode.c.objc; path = FXIPresentation.m; sourceTree = "<group>"; };
		72EE55191A2E388C00BDF2F2 /* PresentationsCollectionViewController.h */ = {isa = PBXFileReference; fileEncoding = 4; lastKnownFileType = sourcecode.c.h; path = PresentationsCollectionViewController.h; sourceTree = "<group>"; };
		72EE551A1A2E388C00BDF2F2 /* PresentationsCollectionViewController.m */ = {isa = PBXFileReference; fileEncoding = 4; lastKnownFileType = sourcecode.c.objc; path = PresentationsCollectionViewController.m; sourceTree = "<group>"; };
		72EE551C1A2E38BF00BDF2F2 /* PresentationsCollectionViewCell.h */ = {isa = PBXFileReference; fileEncoding = 4; lastKnownFileType = sourcecode.c.h; path = PresentationsCollectionViewCell.h; sourceTree = "<group>"; };
		72EE551D1A2E38BF00BDF2F2 /* PresentationsCollectionViewCell.m */ = {isa = PBXFileReference; fileEncoding = 4; lastKnownFileType = sourcecode.c.objc; path = PresentationsCollectionViewCell.m; sourceTree = "<group>"; };
		72F074C11A7AA641005F7E75 /* activus.png */ = {isa = PBXFileReference; lastKnownFileType = image.png; name = activus.png; path = Resources/Icons/activus.png; sourceTree = "<group>"; };
		72F074C21A7AA641005F7E75 /* aerus.png */ = {isa = PBXFileReference; lastKnownFileType = image.png; name = aerus.png; path = Resources/Icons/aerus.png; sourceTree = "<group>"; };
		72F074C31A7AA641005F7E75 /* altus.png */ = {isa = PBXFileReference; lastKnownFileType = image.png; name = altus.png; path = Resources/Icons/altus.png; sourceTree = "<group>"; };
		72F074C41A7AA641005F7E75 /* maxperm.png */ = {isa = PBXFileReference; lastKnownFileType = image.png; name = maxperm.png; path = Resources/Icons/maxperm.png; sourceTree = "<group>"; };
		72F074C51A7AA641005F7E75 /* memgel.png */ = {isa = PBXFileReference; lastKnownFileType = image.png; name = memgel.png; path = Resources/Icons/memgel.png; sourceTree = "<group>"; };
		72F074C61A7AA641005F7E75 /* overview.png */ = {isa = PBXFileReference; lastKnownFileType = image.png; name = overview.png; path = Resources/Icons/overview.png; sourceTree = "<group>"; };
		72F074C71A7AA641005F7E75 /* overviewtech.png */ = {isa = PBXFileReference; lastKnownFileType = image.png; name = overviewtech.png; path = Resources/Icons/overviewtech.png; sourceTree = "<group>"; };
		72F074C81A7AA641005F7E75 /* trf.png */ = {isa = PBXFileReference; lastKnownFileType = image.png; name = trf.png; path = Resources/Icons/trf.png; sourceTree = "<group>"; };
/* End PBXFileReference section */

/* Begin PBXFrameworksBuildPhase section */
		72A8079F1A2E15430064ABE4 /* Frameworks */ = {
			isa = PBXFrameworksBuildPhase;
			buildActionMask = 2147483647;
			files = (
			);
			runOnlyForDeploymentPostprocessing = 0;
		};
		72A807B81A2E15430064ABE4 /* Frameworks */ = {
			isa = PBXFrameworksBuildPhase;
			buildActionMask = 2147483647;
			files = (
			);
			runOnlyForDeploymentPostprocessing = 0;
		};
/* End PBXFrameworksBuildPhase section */

/* Begin PBXGroup section */
		72A807991A2E15430064ABE4 = {
			isa = PBXGroup;
			children = (
				72A807A41A2E15430064ABE4 /* Presentations */,
				72A807BE1A2E15430064ABE4 /* PresentationsTests */,
				72A807A31A2E15430064ABE4 /* Products */,
			);
			sourceTree = "<group>";
		};
		72A807A31A2E15430064ABE4 /* Products */ = {
			isa = PBXGroup;
			children = (
				72A807A21A2E15430064ABE4 /* Presentations.app */,
				72A807BB1A2E15430064ABE4 /* PresentationsTests.xctest */,
			);
			name = Products;
			sourceTree = "<group>";
		};
		72A807A41A2E15430064ABE4 /* Presentations */ = {
			isa = PBXGroup;
			children = (
				72A807AF1A2E15430064ABE4 /* Main.storyboard */,
				72EE550E1A2E171B00BDF2F2 /* Main~ipad.storyboard */,
				72A807B41A2E15430064ABE4 /* LaunchScreen.xib */,
				72A807B21A2E15430064ABE4 /* Images.xcassets */,
				72EE550A1A2E164600BDF2F2 /* Controllers */,
				72EE550B1A2E164E00BDF2F2 /* Model */,
				72EE550C1A2E165500BDF2F2 /* Views */,
				72EE550D1A2E165B00BDF2F2 /* Resources */,
				72A807A51A2E15430064ABE4 /* Supporting Files */,
			);
			path = Presentations;
			sourceTree = "<group>";
		};
		72A807A51A2E15430064ABE4 /* Supporting Files */ = {
			isa = PBXGroup;
			children = (
				72A807A91A2E15430064ABE4 /* AppDelegate.h */,
				72A807AA1A2E15430064ABE4 /* AppDelegate.m */,
				72A807A61A2E15430064ABE4 /* Info.plist */,
				72A807A71A2E15430064ABE4 /* main.m */,
			);
			name = "Supporting Files";
			sourceTree = "<group>";
		};
		72A807BE1A2E15430064ABE4 /* PresentationsTests */ = {
			isa = PBXGroup;
			children = (
				72A807C11A2E15430064ABE4 /* PresentationsTests.m */,
				72A807BF1A2E15430064ABE4 /* Supporting Files */,
			);
			path = PresentationsTests;
			sourceTree = "<group>";
		};
		72A807BF1A2E15430064ABE4 /* Supporting Files */ = {
			isa = PBXGroup;
			children = (
				72A807C01A2E15430064ABE4 /* Info.plist */,
			);
			name = "Supporting Files";
			sourceTree = "<group>";
		};
		72EE550A1A2E164600BDF2F2 /* Controllers */ = {
			isa = PBXGroup;
			children = (
				72EE55111A2E180A00BDF2F2 /* PresentationsTableViewController.h */,
				72EE55121A2E180A00BDF2F2 /* PresentationsTableViewController.m */,
				72EE55191A2E388C00BDF2F2 /* PresentationsCollectionViewController.h */,
				72EE551A1A2E388C00BDF2F2 /* PresentationsCollectionViewController.m */,
				72B18EA61A850AF8000B7466 /* SearchResultsTableViewController.h */,
				72B18EA71A850AF8000B7466 /* SearchResultsTableViewController.m */,
			);
			name = Controllers;
			sourceTree = "<group>";
		};
		72EE550B1A2E164E00BDF2F2 /* Model */ = {
			isa = PBXGroup;
			children = (
				72EE55141A2E1A2700BDF2F2 /* FXIPresentation.h */,
				72EE55151A2E1A2700BDF2F2 /* FXIPresentation.m */,
			);
			name = Model;
			sourceTree = "<group>";
		};
		72EE550C1A2E165500BDF2F2 /* Views */ = {
			isa = PBXGroup;
			children = (
				72EE551C1A2E38BF00BDF2F2 /* PresentationsCollectionViewCell.h */,
				72EE551D1A2E38BF00BDF2F2 /* PresentationsCollectionViewCell.m */,
			);
			name = Views;
			sourceTree = "<group>";
		};
		72EE550D1A2E165B00BDF2F2 /* Resources */ = {
			isa = PBXGroup;
			children = (
				7229B2FB1A2F4778006126F4 /* 01 Corporate Overview.pdf */,
				7229B2FC1A2F4778006126F4 /* 02 FXI Overview-TECH.pdf */,
				7229B2FD1A2F4778006126F4 /* 03 Activus Presentation.pdf */,
				7229B2FE1A2F4778006126F4 /* 04 Aerus Presentation.pdf */,
				7229B2FF1A2F4778006126F4 /* 05 Altus Presentation.pdf */,
				7229B3021A2F4778006126F4 /* 08 MAXPERM Presentation.pdf */,
				7229B3031A2F4778006126F4 /* 09 MemGel Presentation.pdf */,
				7229B3041A2F4778006126F4 /* 10 TRF System.pdf */,
				7229B3051A2F4778006126F4 /* 11 TRF System with Foams.pdf */,
				72F074C11A7AA641005F7E75 /* activus.png */,
				72F074C21A7AA641005F7E75 /* aerus.png */,
				72F074C31A7AA641005F7E75 /* altus.png */,
				72F074C41A7AA641005F7E75 /* maxperm.png */,
				72F074C51A7AA641005F7E75 /* memgel.png */,
				72F074C61A7AA641005F7E75 /* overview.png */,
				72F074C71A7AA641005F7E75 /* overviewtech.png */,
				72F074C81A7AA641005F7E75 /* trf.png */,
			);
			name = Resources;
			sourceTree = "<group>";
		};
/* End PBXGroup section */

/* Begin PBXNativeTarget section */
		72A807A11A2E15430064ABE4 /* Presentations */ = {
			isa = PBXNativeTarget;
			buildConfigurationList = 72A807C51A2E15430064ABE4 /* Build configuration list for PBXNativeTarget "Presentations" */;
			buildPhases = (
				72A8079E1A2E15430064ABE4 /* Sources */,
				72A8079F1A2E15430064ABE4 /* Frameworks */,
				72A807A01A2E15430064ABE4 /* Resources */,
			);
			buildRules = (
			);
			dependencies = (
			);
			name = Presentations;
			productName = Presentations;
			productReference = 72A807A21A2E15430064ABE4 /* Presentations.app */;
			productType = "com.apple.product-type.application";
		};
		72A807BA1A2E15430064ABE4 /* PresentationsTests */ = {
			isa = PBXNativeTarget;
			buildConfigurationList = 72A807C81A2E15430064ABE4 /* Build configuration list for PBXNativeTarget "PresentationsTests" */;
			buildPhases = (
				72A807B71A2E15430064ABE4 /* Sources */,
				72A807B81A2E15430064ABE4 /* Frameworks */,
				72A807B91A2E15430064ABE4 /* Resources */,
			);
			buildRules = (
			);
			dependencies = (
				72A807BD1A2E15430064ABE4 /* PBXTargetDependency */,
			);
			name = PresentationsTests;
			productName = PresentationsTests;
			productReference = 72A807BB1A2E15430064ABE4 /* PresentationsTests.xctest */;
			productType = "com.apple.product-type.bundle.unit-test";
		};
/* End PBXNativeTarget section */

/* Begin PBXProject section */
		72A8079A1A2E15430064ABE4 /* Project object */ = {
			isa = PBXProject;
			attributes = {
				LastUpgradeCheck = 0610;
				ORGANIZATIONNAME = "FXI, Inc.";
				TargetAttributes = {
					72A807A11A2E15430064ABE4 = {
						CreatedOnToolsVersion = 6.1;
						DevelopmentTeam = 8BXF99CR59;
					};
					72A807BA1A2E15430064ABE4 = {
						CreatedOnToolsVersion = 6.1;
						TestTargetID = 72A807A11A2E15430064ABE4;
					};
				};
			};
			buildConfigurationList = 72A8079D1A2E15430064ABE4 /* Build configuration list for PBXProject "Presentations" */;
			compatibilityVersion = "Xcode 3.2";
			developmentRegion = English;
			hasScannedForEncodings = 0;
			knownRegions = (
				en,
				Base,
			);
			mainGroup = 72A807991A2E15430064ABE4;
			productRefGroup = 72A807A31A2E15430064ABE4 /* Products */;
			projectDirPath = "";
			projectRoot = "";
			targets = (
				72A807A11A2E15430064ABE4 /* Presentations */,
				72A807BA1A2E15430064ABE4 /* PresentationsTests */,
			);
		};
/* End PBXProject section */

/* Begin PBXResourcesBuildPhase section */
		72A807A01A2E15430064ABE4 /* Resources */ = {
			isa = PBXResourcesBuildPhase;
			buildActionMask = 2147483647;
			files = (
				72EE55101A2E171B00BDF2F2 /* Main~ipad.storyboard in Resources */,
				7229B30F1A2F4778006126F4 /* 10 TRF System.pdf in Resources */,
				72F074CF1A7AA641005F7E75 /* overviewtech.png in Resources */,
				72F074CD1A7AA641005F7E75 /* memgel.png in Resources */,
				72F074CA1A7AA641005F7E75 /* aerus.png in Resources */,
				7229B3081A2F4778006126F4 /* 03 Activus Presentation.pdf in Resources */,
				72F074D01A7AA641005F7E75 /* trf.png in Resources */,
				72A807B11A2E15430064ABE4 /* Main.storyboard in Resources */,
				72F074CB1A7AA641005F7E75 /* altus.png in Resources */,
				7229B30A1A2F4778006126F4 /* 05 Altus Presentation.pdf in Resources */,
				7229B3071A2F4778006126F4 /* 02 FXI Overview-TECH.pdf in Resources */,
				7229B3061A2F4778006126F4 /* 01 Corporate Overview.pdf in Resources */,
				72F074C91A7AA641005F7E75 /* activus.png in Resources */,
				7229B30D1A2F4778006126F4 /* 08 MAXPERM Presentation.pdf in Resources */,
				72A807B61A2E15430064ABE4 /* LaunchScreen.xib in Resources */,
				7229B3101A2F4778006126F4 /* 11 TRF System with Foams.pdf in Resources */,
				72A807B31A2E15430064ABE4 /* Images.xcassets in Resources */,
				7229B30E1A2F4778006126F4 /* 09 MemGel Presentation.pdf in Resources */,
				7229B3091A2F4778006126F4 /* 04 Aerus Presentation.pdf in Resources */,
				72F074CC1A7AA641005F7E75 /* maxperm.png in Resources */,
				72F074CE1A7AA641005F7E75 /* overview.png in Resources */,
			);
			runOnlyForDeploymentPostprocessing = 0;
		};
		72A807B91A2E15430064ABE4 /* Resources */ = {
			isa = PBXResourcesBuildPhase;
			buildActionMask = 2147483647;
			files = (
			);
			runOnlyForDeploymentPostprocessing = 0;
		};
/* End PBXResourcesBuildPhase section */

/* Begin PBXSourcesBuildPhase section */
		72A8079E1A2E15430064ABE4 /* Sources */ = {
			isa = PBXSourcesBuildPhase;
			buildActionMask = 2147483647;
			files = (
				72A807AB1A2E15430064ABE4 /* AppDelegate.m in Sources */,
				72EE55131A2E180A00BDF2F2 /* PresentationsTableViewController.m in Sources */,
				72EE551E1A2E38BF00BDF2F2 /* PresentationsCollectionViewCell.m in Sources */,
				72B18EA81A850AF8000B7466 /* SearchResultsTableViewController.m in Sources */,
				72EE551B1A2E388C00BDF2F2 /* PresentationsCollectionViewController.m in Sources */,
				72A807A81A2E15430064ABE4 /* main.m in Sources */,
				72EE55161A2E1A2700BDF2F2 /* FXIPresentation.m in Sources */,
			);
			runOnlyForDeploymentPostprocessing = 0;
		};
		72A807B71A2E15430064ABE4 /* Sources */ = {
			isa = PBXSourcesBuildPhase;
			buildActionMask = 2147483647;
			files = (
				72A807C21A2E15430064ABE4 /* PresentationsTests.m in Sources */,
			);
			runOnlyForDeploymentPostprocessing = 0;
		};
/* End PBXSourcesBuildPhase section */

/* Begin PBXTargetDependency section */
		72A807BD1A2E15430064ABE4 /* PBXTargetDependency */ = {
			isa = PBXTargetDependency;
			target = 72A807A11A2E15430064ABE4 /* Presentations */;
			targetProxy = 72A807BC1A2E15430064ABE4 /* PBXContainerItemProxy */;
		};
/* End PBXTargetDependency section */

/* Begin PBXVariantGroup section */
		72A807AF1A2E15430064ABE4 /* Main.storyboard */ = {
			isa = PBXVariantGroup;
			children = (
				72A807B01A2E15430064ABE4 /* Base */,
			);
			name = Main.storyboard;
			sourceTree = "<group>";
		};
		72A807B41A2E15430064ABE4 /* LaunchScreen.xib */ = {
			isa = PBXVariantGroup;
			children = (
				72A807B51A2E15430064ABE4 /* Base */,
			);
			name = LaunchScreen.xib;
			sourceTree = "<group>";
		};
		72EE550E1A2E171B00BDF2F2 /* Main~ipad.storyboard */ = {
			isa = PBXVariantGroup;
			children = (
				72EE550F1A2E171B00BDF2F2 /* Base */,
			);
			name = "Main~ipad.storyboard";
			sourceTree = "<group>";
		};
/* End PBXVariantGroup section */

/* Begin XCBuildConfiguration section */
		72A807C31A2E15430064ABE4 /* Debug */ = {
			isa = XCBuildConfiguration;
			buildSettings = {
				ALWAYS_SEARCH_USER_PATHS = NO;
				CLANG_CXX_LANGUAGE_STANDARD = "gnu++0x";
				CLANG_CXX_LIBRARY = "libc++";
				CLANG_ENABLE_MODULES = YES;
				CLANG_ENABLE_OBJC_ARC = YES;
				CLANG_WARN_BOOL_CONVERSION = YES;
				CLANG_WARN_CONSTANT_CONVERSION = YES;
				CLANG_WARN_DIRECT_OBJC_ISA_USAGE = YES_ERROR;
				CLANG_WARN_EMPTY_BODY = YES;
				CLANG_WARN_ENUM_CONVERSION = YES;
				CLANG_WARN_INT_CONVERSION = YES;
				CLANG_WARN_OBJC_ROOT_CLASS = YES_ERROR;
				CLANG_WARN_UNREACHABLE_CODE = YES;
				CLANG_WARN__DUPLICATE_METHOD_MATCH = YES;
				"CODE_SIGN_IDENTITY[sdk=iphoneos*]" = "iPhone Developer";
				COPY_PHASE_STRIP = NO;
				ENABLE_STRICT_OBJC_MSGSEND = YES;
				GCC_C_LANGUAGE_STANDARD = gnu99;
				GCC_DYNAMIC_NO_PIC = NO;
				GCC_OPTIMIZATION_LEVEL = 0;
				GCC_PREPROCESSOR_DEFINITIONS = (
					"DEBUG=1",
					"$(inherited)",
				);
				GCC_SYMBOLS_PRIVATE_EXTERN = NO;
				GCC_WARN_64_TO_32_BIT_CONVERSION = YES;
				GCC_WARN_ABOUT_RETURN_TYPE = YES_ERROR;
				GCC_WARN_UNDECLARED_SELECTOR = YES;
				GCC_WARN_UNINITIALIZED_AUTOS = YES_AGGRESSIVE;
				GCC_WARN_UNUSED_FUNCTION = YES;
				GCC_WARN_UNUSED_VARIABLE = YES;
				IPHONEOS_DEPLOYMENT_TARGET = 8.1;
				MTL_ENABLE_DEBUG_INFO = YES;
				ONLY_ACTIVE_ARCH = YES;
				SDKROOT = iphoneos;
				TARGETED_DEVICE_FAMILY = "1,2";
			};
			name = Debug;
		};
		72A807C41A2E15430064ABE4 /* Release */ = {
			isa = XCBuildConfiguration;
			buildSettings = {
				ALWAYS_SEARCH_USER_PATHS = NO;
				CLANG_CXX_LANGUAGE_STANDARD = "gnu++0x";
				CLANG_CXX_LIBRARY = "libc++";
				CLANG_ENABLE_MODULES = YES;
				CLANG_ENABLE_OBJC_ARC = YES;
				CLANG_WARN_BOOL_CONVERSION = YES;
				CLANG_WARN_CONSTANT_CONVERSION = YES;
				CLANG_WARN_DIRECT_OBJC_ISA_USAGE = YES_ERROR;
				CLANG_WARN_EMPTY_BODY = YES;
				CLANG_WARN_ENUM_CONVERSION = YES;
				CLANG_WARN_INT_CONVERSION = YES;
				CLANG_WARN_OBJC_ROOT_CLASS = YES_ERROR;
				CLANG_WARN_UNREACHABLE_CODE = YES;
				CLANG_WARN__DUPLICATE_METHOD_MATCH = YES;
				"CODE_SIGN_IDENTITY[sdk=iphoneos*]" = "iPhone Developer";
				COPY_PHASE_STRIP = YES;
				ENABLE_NS_ASSERTIONS = NO;
				ENABLE_STRICT_OBJC_MSGSEND = YES;
				GCC_C_LANGUAGE_STANDARD = gnu99;
				GCC_WARN_64_TO_32_BIT_CONVERSION = YES;
				GCC_WARN_ABOUT_RETURN_TYPE = YES_ERROR;
				GCC_WARN_UNDECLARED_SELECTOR = YES;
				GCC_WARN_UNINITIALIZED_AUTOS = YES_AGGRESSIVE;
				GCC_WARN_UNUSED_FUNCTION = YES;
				GCC_WARN_UNUSED_VARIABLE = YES;
				IPHONEOS_DEPLOYMENT_TARGET = 8.1;
				MTL_ENABLE_DEBUG_INFO = NO;
				SDKROOT = iphoneos;
				TARGETED_DEVICE_FAMILY = "1,2";
				VALIDATE_PRODUCT = YES;
			};
			name = Release;
		};
		72A807C61A2E15430064ABE4 /* Debug */ = {
			isa = XCBuildConfiguration;
			buildSettings = {
				ASSETCATALOG_COMPILER_APPICON_NAME = AppIcon;
				ASSETCATALOG_COMPILER_LAUNCHIMAGE_NAME = LaunchImage;
				CODE_SIGN_IDENTITY = "iPhone Developer";
				"CODE_SIGN_IDENTITY[sdk=iphoneos*]" = "iPhone Distribution: FXI, Inc";
				INFOPLIST_FILE = Presentations/Info.plist;
				IPHONEOS_DEPLOYMENT_TARGET = 7.1;
				LD_RUNPATH_SEARCH_PATHS = "$(inherited) @executable_path/Frameworks";
				PRODUCT_NAME = "$(TARGET_NAME)";
				PROVISIONING_PROFILE = "42c39954-c7eb-487e-8c7d-6f99e62350ea";
				TARGETED_DEVICE_FAMILY = "1,2";
			};
			name = Debug;
		};
		72A807C71A2E15430064ABE4 /* Release */ = {
			isa = XCBuildConfiguration;
			buildSettings = {
				ASSETCATALOG_COMPILER_APPICON_NAME = AppIcon;
				ASSETCATALOG_COMPILER_LAUNCHIMAGE_NAME = LaunchImage;
				CODE_SIGN_IDENTITY = "iPhone Developer";
				"CODE_SIGN_IDENTITY[sdk=iphoneos*]" = "iPhone Distribution: FXI, Inc";
				INFOPLIST_FILE = Presentations/Info.plist;
				IPHONEOS_DEPLOYMENT_TARGET = 7.1;
				LD_RUNPATH_SEARCH_PATHS = "$(inherited) @executable_path/Frameworks";
				PRODUCT_NAME = "$(TARGET_NAME)";
				PROVISIONING_PROFILE = "42c39954-c7eb-487e-8c7d-6f99e62350ea";
				TARGETED_DEVICE_FAMILY = "1,2";
			};
			name = Release;
		};
		72A807C91A2E15430064ABE4 /* Debug */ = {
			isa = XCBuildConfiguration;
			buildSettings = {
				BUNDLE_LOADER = "$(TEST_HOST)";
				FRAMEWORK_SEARCH_PATHS = (
					"$(SDKROOT)/Developer/Library/Frameworks",
					"$(inherited)",
				);
				GCC_PREPROCESSOR_DEFINITIONS = (
					"DEBUG=1",
					"$(inherited)",
				);
				INFOPLIST_FILE = PresentationsTests/Info.plist;
				LD_RUNPATH_SEARCH_PATHS = "$(inherited) @executable_path/Frameworks @loader_path/Frameworks";
				PRODUCT_NAME = "$(TARGET_NAME)";
				TEST_HOST = "$(BUILT_PRODUCTS_DIR)/Presentations.app/Presentations";
			};
			name = Debug;
		};
		72A807CA1A2E15430064ABE4 /* Release */ = {
			isa = XCBuildConfiguration;
			buildSettings = {
				BUNDLE_LOADER = "$(TEST_HOST)";
				FRAMEWORK_SEARCH_PATHS = (
					"$(SDKROOT)/Developer/Library/Frameworks",
					"$(inherited)",
				);
				INFOPLIST_FILE = PresentationsTests/Info.plist;
				LD_RUNPATH_SEARCH_PATHS = "$(inherited) @executable_path/Frameworks @loader_path/Frameworks";
				PRODUCT_NAME = "$(TARGET_NAME)";
				TEST_HOST = "$(BUILT_PRODUCTS_DIR)/Presentations.app/Presentations";
			};
			name = Release;
		};
/* End XCBuildConfiguration section */

/* Begin XCConfigurationList section */
		72A8079D1A2E15430064ABE4 /* Build configuration list for PBXProject "Presentations" */ = {
			isa = XCConfigurationList;
			buildConfigurations = (
				72A807C31A2E15430064ABE4 /* Debug */,
				72A807C41A2E15430064ABE4 /* Release */,
			);
			defaultConfigurationIsVisible = 0;
			defaultConfigurationName = Release;
		};
		72A807C51A2E15430064ABE4 /* Build configuration list for PBXNativeTarget "Presentations" */ = {
			isa = XCConfigurationList;
			buildConfigurations = (
				72A807C61A2E15430064ABE4 /* Debug */,
				72A807C71A2E15430064ABE4 /* Release */,
			);
			defaultConfigurationIsVisible = 0;
			defaultConfigurationName = Release;
		};
		72A807C81A2E15430064ABE4 /* Build configuration list for PBXNativeTarget "PresentationsTests" */ = {
			isa = XCConfigurationList;
			buildConfigurations = (
				72A807C91A2E15430064ABE4 /* Debug */,
				72A807CA1A2E15430064ABE4 /* Release */,
			);
			defaultConfigurationIsVisible = 0;
			defaultConfigurationName = Release;
		};
/* End XCConfigurationList section */
	};
	rootObject = 72A8079A1A2E15430064ABE4 /* Project object */;
}
